<?xml version="1.0" encoding="utf-8"?>
<Project ToolsVersion="4.0" xmlns="http://schemas.microsoft.com/developer/msbuild/2003">
  <ItemGroup>
    <Filter Include="소스 파일">
      <UniqueIdentifier>{4FC737F1-C7A5-4376-A066-2A32D752A2FF}</UniqueIdentifier>
      <Extensions>cpp;c;cc;cxx;c++;cppm;ixx;def;odl;idl;hpj;bat;asm;asmx</Extensions>
    </Filter>
    <Filter Include="헤더 파일">
      <UniqueIdentifier>{93995380-89BD-4b04-88EB-625FBE52EBFB}</UniqueIdentifier>
      <Extensions>h;hh;hpp;hxx;h++;hm;inl;inc;ipp;xsd</Extensions>
    </Filter>
    <Filter Include="리소스 파일">
      <UniqueIdentifier>{67DA6AB6-F800-4c08-8B7A-83BB121AAD01}</UniqueIdentifier>
      <Extensions>rc;ico;cur;bmp;dlg;rc2;rct;bin;rgs;gif;jpg;jpeg;jpe;resx;tiff;tif;png;wav;mfcribbon-ms</Extensions>
    </Filter>
  </ItemGroup>
  <ItemGroup>
    <ResourceCompile Include="..\resource.rc">
      <Filter>리소스 파일</Filter>
    </ResourceCompile>
  </ItemGroup>
  <ItemGroup>
    <ClCompile Include="..\ai.cpp">
      <Filter>소스 파일</Filter>
    </ClCompile>
    <ClCompile Include="..\collision.cpp">
      <Filter>소스 파일</Filter>
    </ClCompile>
    <ClCompile Include="..\config.cpp">
      <Filter>소스 파일</Filter>
    </ClCompile>
    <ClCompile Include="..\d3dgraphics-debugfont.cpp">
      <Filter>소스 파일</Filter>
    </ClCompile>
    <ClCompile Include="..\d3dgraphics-directx.cpp">
      <Filter>소스 파일</Filter>
    </ClCompile>
    <ClCompile Include="..\d3dgraphics-opengl.cpp">
      <Filter>소스 파일</Filter>
    </ClCompile>
    <ClCompile Include="..\datafile.cpp">
      <Filter>소스 파일</Filter>
    </ClCompile>
    <ClCompile Include="..\debug.cpp">
      <Filter>소스 파일</Filter>
    </ClCompile>
    <ClCompile Include="..\event.cpp">
      <Filter>소스 파일</Filter>
    </ClCompile>
    <ClCompile Include="..\gamemain.cpp">
      <Filter>소스 파일</Filter>
    </ClCompile>
    <ClCompile Include="..\gui-object.cpp">
      <Filter>소스 파일</Filter>
    </ClCompile>
    <ClCompile Include="..\input.cpp">
      <Filter>소스 파일</Filter>
    </ClCompile>
    <ClCompile Include="..\main.cpp">
      <Filter>소스 파일</Filter>
    </ClCompile>
    <ClCompile Include="..\object.cpp">
      <Filter>소스 파일</Filter>
    </ClCompile>
    <ClCompile Include="..\objectmanager.cpp">
      <Filter>소스 파일</Filter>
    </ClCompile>
    <ClCompile Include="..\parameter.cpp">
      <Filter>소스 파일</Filter>
    </ClCompile>
    <ClCompile Include="..\resource.cpp">
      <Filter>소스 파일</Filter>
    </ClCompile>
    <ClCompile Include="..\scene.cpp">
      <Filter>소스 파일</Filter>
    </ClCompile>
    <ClCompile Include="..\sound-directsound.cpp">
      <Filter>소스 파일</Filter>
    </ClCompile>
    <ClCompile Include="..\sound-ezds.cpp">
      <Filter>소스 파일</Filter>
    </ClCompile>
    <ClCompile Include="..\soundmanager.cpp">
      <Filter>소스 파일</Filter>
    </ClCompile>
    <ClCompile Include="..\statemachine.cpp">
      <Filter>소스 파일</Filter>
    </ClCompile>
    <ClCompile Include="..\window.cpp">
      <Filter>소스 파일</Filter>
    </ClCompile>
    <ClCompile Include="..\playerskill.cpp">
      <Filter>소스 파일</Filter>
    </ClCompile>
    <ClCompile Include="..\gamemain_skillhud.cpp">
      <Filter>소스 파일</Filter>
    </ClCompile>
    <ClCompile Include="..\gamemain_playerskill.cpp">
      <Filter>소스 파일</Filter>
    </ClCompile>
    <ClCompile Include="..\object_playerskill.cpp">
      <Filter>소스 파일</Filter>
    </ClCompile>
    <ClCompile Include="..\gamemain_skilleffect.cpp">
      <Filter>소스 파일</Filter>
    </ClCompile>
    <ClCompile Include="..\Blackline Breach.cpp">
      <Filter>소스 파일</Filter>
    </ClCompile>
  </ItemGroup>
  <ItemGroup>
    <ClInclude Include="..\ai.h">
      <Filter>헤더 파일</Filter>
    </ClInclude>
    <ClInclude Include="..\collision.h">
      <Filter>헤더 파일</Filter>
    </ClInclude>
    <ClInclude Include="..\config.h">
      <Filter>헤더 파일</Filter>
    </ClInclude>
    <ClInclude Include="..\d3dgraphics.h">
      <Filter>헤더 파일</Filter>
    </ClInclude>
    <ClInclude Include="..\datafile.h">
      <Filter>헤더 파일</Filter>
    </ClInclude>
    <ClInclude Include="..\debug.h">
      <Filter>헤더 파일</Filter>
    </ClInclude>
    <ClInclude Include="..\doxygen.h">
      <Filter>헤더 파일</Filter>
    </ClInclude>
    <ClInclude Include="..\event.h">
      <Filter>헤더 파일</Filter>
    </ClInclude>
    <ClInclude Include="..\gamemain.h">
      <Filter>헤더 파일</Filter>
    </ClInclude>
    <ClInclude Include="..\gui-object.h">
      <Filter>헤더 파일</Filter>
    </ClInclude>
    <ClInclude Include="..\input.h">
      <Filter>헤더 파일</Filter>
    </ClInclude>
    <ClInclude Include="..\main.h">
      <Filter>헤더 파일</Filter>
    </ClInclude>
    <ClInclude Include="..\object.h">
      <Filter>헤더 파일</Filter>
    </ClInclude>
    <ClInclude Include="..\objectmanager.h">
      <Filter>헤더 파일</Filter>
    </ClInclude>
    <ClInclude Include="..\parameter.h">
      <Filter>헤더 파일</Filter>
    </ClInclude>
    <ClInclude Include="..\resource.h">
      <Filter>헤더 파일</Filter>
    </ClInclude>
    <ClInclude Include="..\scene.h">
      <Filter>헤더 파일</Filter>
    </ClInclude>
    <ClInclude Include="..\sound.h">
      <Filter>헤더 파일</Filter>
    </ClInclude>
    <ClInclude Include="..\soundmanager.h">
      <Filter>헤더 파일</Filter>
    </ClInclude>
    <ClInclude Include="..\statemachine.h">
      <Filter>헤더 파일</Filter>
    </ClInclude>
    <ClInclude Include="..\window.h">
      <Filter>헤더 파일</Filter>
    </ClInclude>
    <ClInclude Include="..\playerskill.h">
      <Filter>헤더 파일</Filter>
    </ClInclude>
  </ItemGroup>
</Project>